Microsoft Visual Studio Solution File, Format Version 9.00
# Visual Studio 2005
Project("{8BC9CEB8-8B4A-11D0-8D11-00A0C91BC942}") = "dsharingu", "dsharingu.vcproj", "{618BC304-94EB-4234-A9B6-0FFB3C6D00C5}"
	ProjectSection(ProjectDependencies) = postProject
		{61E68619-1CBE-405F-A887-B726535BEAA5} = {61E68619-1CBE-405F-A887-B726535BEAA5}
		{AA4C7A30-9F1A-47CD-AF10-1556EC4CDE54} = {AA4C7A30-9F1A-47CD-AF10-1556EC4CDE54}
		{7856C2FD-96DD-4333-A6CC-3B85E5E6381D} = {7856C2FD-96DD-4333-A6CC-3B85E5E6381D}
		{155C319B-18CD-471A-ABEF-CBB5C4AEEDFA} = {155C319B-18CD-471A-ABEF-CBB5C4AEEDFA}
		{4D8C897F-9B7E-4F66-9184-318F778F690B} = {4D8C897F-9B7E-4F66-9184-318F778F690B}
		{614C5E74-8711-4C28-BE29-6B9B98423E50} = {614C5E74-8711-4C28-BE29-6B9B98423E50}
		{10858E44-F2E0-41CA-892E-53A8AF89E7D1} = {10858E44-F2E0-41CA-892E-53A8AF89E7D1}
		{0D09AF35-110C-469D-9FD7-4E5EAEA5DA59} = {0D09AF35-110C-469D-9FD7-4E5EAEA5DA59}
	EndProjectSection
EndProject
Project("{8BC9CEB8-8B4A-11D0-8D11-00A0C91BC942}") = "psys", "..\..\..\pascalibs\trunk\psys\pc\psys.vcproj", "{0D09AF35-110C-469D-9FD7-4E5EAEA5DA59}"
EndProject
Project("{8BC9CEB8-8B4A-11D0-8D11-00A0C91BC942}") = "putils", "..\..\..\pascalibs\trunk\putils\pc\putils.vcproj", "{4D8C897F-9B7E-4F66-9184-318F778F690B}"
EndProject
Project("{8BC9CEB8-8B4A-11D0-8D11-00A0C91BC942}") = "pnetlib", "..\..\..\pascalibs\trunk\pnetlib\pc\pnetlib.vcproj", "{7856C2FD-96DD-4333-A6CC-3B85E5E6381D}"
EndProject
Project("{8BC9CEB8-8B4A-11D0-8D11-00A0C91BC942}") = "gxy", "..\..\..\pascalibs\trunk\gxy\pc\gxy.vcproj", "{61E68619-1CBE-405F-A887-B726535BEAA5}"
EndProject
Project("{8BC9CEB8-8B4A-11D0-8D11-00A0C91BC942}") = "rendbase", "..\..\..\pascalibs\trunk\rendbase\pc_ogl\rendbase.vcproj", "{614C5E74-8711-4C28-BE29-6B9B98423E50}"
EndProject
Project("{8BC9CEB8-8B4A-11D0-8D11-00A0C91BC942}") = "appbase3", "..\..\..\pascalibs\trunk\appbase3\pc\appbase3.vcproj", "{155C319B-18CD-471A-ABEF-CBB5C4AEEDFA}"
EndProject
Project("{8BC9CEB8-8B4A-11D0-8D11-00A0C91BC942}") = "pcapture", "..\..\..\pascalibs\trunk\pcapture\pc\pcapture.vcproj", "{AA4C7A30-9F1A-47CD-AF10-1556EC4CDE54}"
EndProject
Project("{8BC9CEB8-8B4A-11D0-8D11-00A0C91BC942}") = "glew_static", "..\..\..\pascalibs\trunk\externals\glew_tokill\build\vsnet2003\glew_static.vcproj", "{10858E44-F2E0-41CA-892E-53A8AF89E7D1}"
EndProject
Global
	GlobalSection(SolutionConfigurationPlatforms) = preSolution
		Debug Main|Win32 = Debug Main|Win32
		Debug_Fastest|Win32 = Debug_Fastest|Win32
		Debug_Main|Win32 = Debug_Main|Win32
		Debug_Remote|Win32 = Debug_Remote|Win32
		Debug|Win32 = Debug|Win32
		Release_Main|Win32 = Release_Main|Win32
		Release_Test|Win32 = Release_Test|Win32
		Release|Win32 = Release|Win32
	EndGlobalSection
	GlobalSection(ProjectConfigurationPlatforms) = postSolution
		{618BC304-94EB-4234-A9B6-0FFB3C6D00C5}.Debug Main|Win32.ActiveCfg = Debug|Win32
		{618BC304-94EB-4234-A9B6-0FFB3C6D00C5}.Debug Main|Win32.Build.0 = Debug|Win32
		{618BC304-94EB-4234-A9B6-0FFB3C6D00C5}.Debug_Fastest|Win32.ActiveCfg = Debug_Remote|Win32
		{618BC304-94EB-4234-A9B6-0FFB3C6D00C5}.Debug_Fastest|Win32.Build.0 = Debug_Remote|Win32
		{618BC304-94EB-4234-A9B6-0FFB3C6D00C5}.Debug_Main|Win32.ActiveCfg = Debug_Remote|Win32
		{618BC304-94EB-4234-A9B6-0FFB3C6D00C5}.Debug_Main|Win32.Build.0 = Debug_Remote|Win32
		{618BC304-94EB-4234-A9B6-0FFB3C6D00C5}.Debug_Remote|Win32.ActiveCfg = Debug_Remote|Win32
		{618BC304-94EB-4234-A9B6-0FFB3C6D00C5}.Debug_Remote|Win32.Build.0 = Debug_Remote|Win32
		{618BC304-94EB-4234-A9B6-0FFB3C6D00C5}.Debug|Win32.ActiveCfg = Debug|Win32
		{618BC304-94EB-4234-A9B6-0FFB3C6D00C5}.Debug|Win32.Build.0 = Debug|Win32
		{618BC304-94EB-4234-A9B6-0FFB3C6D00C5}.Release_Main|Win32.ActiveCfg = Release|Win32
		{618BC304-94EB-4234-A9B6-0FFB3C6D00C5}.Release_Main|Win32.Build.0 = Release|Win32
		{618BC304-94EB-4234-A9B6-0FFB3C6D00C5}.Release_Test|Win32.ActiveCfg = Release_Test|Win32
		{618BC304-94EB-4234-A9B6-0FFB3C6D00C5}.Release_Test|Win32.Build.0 = Release_Test|Win32
		{618BC304-94EB-4234-A9B6-0FFB3C6D00C5}.Release|Win32.ActiveCfg = Release|Win32
		{618BC304-94EB-4234-A9B6-0FFB3C6D00C5}.Release|Win32.Build.0 = Release|Win32
		{0D09AF35-110C-469D-9FD7-4E5EAEA5DA59}.Debug Main|Win32.ActiveCfg = Debug|Win32
		{0D09AF35-110C-469D-9FD7-4E5EAEA5DA59}.Debug Main|Win32.Build.0 = Debug|Win32
		{0D09AF35-110C-469D-9FD7-4E5EAEA5DA59}.Debug_Fastest|Win32.ActiveCfg = Debug|Win32
		{0D09AF35-110C-469D-9FD7-4E5EAEA5DA59}.Debug_Fastest|Win32.Build.0 = Debug|Win32
		{0D09AF35-110C-469D-9FD7-4E5EAEA5DA59}.Debug_Main|Win32.ActiveCfg = Debug|Win32
		{0D09AF35-110C-469D-9FD7-4E5EAEA5DA59}.Debug_Main|Win32.Build.0 = Debug|Win32
		{0D09AF35-110C-469D-9FD7-4E5EAEA5DA59}.Debug_Remote|Win32.ActiveCfg = Debug|Win32
		{0D09AF35-110C-469D-9FD7-4E5EAEA5DA59}.Debug_Remote|Win32.Build.0 = Debug|Win32
		{0D09AF35-110C-469D-9FD7-4E5EAEA5DA59}.Debug|Win32.ActiveCfg = Debug|Win32
		{0D09AF35-110C-469D-9FD7-4E5EAEA5DA59}.Debug|Win32.Build.0 = Debug|Win32
		{0D09AF35-110C-469D-9FD7-4E5EAEA5DA59}.Release_Main|Win32.ActiveCfg = Release|Win32
		{0D09AF35-110C-469D-9FD7-4E5EAEA5DA59}.Release_Main|Win32.Build.0 = Release|Win32
		{0D09AF35-110C-469D-9FD7-4E5EAEA5DA59}.Release_Test|Win32.ActiveCfg = Release|Win32
		{0D09AF35-110C-469D-9FD7-4E5EAEA5DA59}.Release_Test|Win32.Build.0 = Release|Win32
		{0D09AF35-110C-469D-9FD7-4E5EAEA5DA59}.Release|Win32.ActiveCfg = Release|Win32
		{0D09AF35-110C-469D-9FD7-4E5EAEA5DA59}.Release|Win32.Build.0 = Release|Win32
		{4D8C897F-9B7E-4F66-9184-318F778F690B}.Debug Main|Win32.ActiveCfg = Debug|Win32
		{4D8C897F-9B7E-4F66-9184-318F778F690B}.Debug Main|Win32.Build.0 = Debug|Win32
		{4D8C897F-9B7E-4F66-9184-318F778F690B}.Debug_Fastest|Win32.ActiveCfg = Debug|Win32
		{4D8C897F-9B7E-4F66-9184-318F778F690B}.Debug_Fastest|Win32.Build.0 = Debug|Win32
		{4D8C897F-9B7E-4F66-9184-318F778F690B}.Debug_Main|Win32.ActiveCfg = Debug|Win32
		{4D8C897F-9B7E-4F66-9184-318F778F690B}.Debug_Main|Win32.Build.0 = Debug|Win32
		{4D8C897F-9B7E-4F66-9184-318F778F690B}.Debug_Remote|Win32.ActiveCfg = Debug|Win32
		{4D8C897F-9B7E-4F66-9184-318F778F690B}.Debug_Remote|Win32.Build.0 = Debug|Win32
		{4D8C897F-9B7E-4F66-9184-318F778F690B}.Debug|Win32.ActiveCfg = Debug|Win32
		{4D8C897F-9B7E-4F66-9184-318F778F690B}.Debug|Win32.Build.0 = Debug|Win32
		{4D8C897F-9B7E-4F66-9184-318F778F690B}.Release_Main|Win32.ActiveCfg = Release|Win32
		{4D8C897F-9B7E-4F66-9184-318F778F690B}.Release_Main|Win32.Build.0 = Release|Win32
		{4D8C897F-9B7E-4F66-9184-318F778F690B}.Release_Test|Win32.ActiveCfg = Release|Win32
		{4D8C897F-9B7E-4F66-9184-318F778F690B}.Release_Test|Win32.Build.0 = Release|Win32
		{4D8C897F-9B7E-4F66-9184-318F778F690B}.Release|Win32.ActiveCfg = Release|Win32
		{4D8C897F-9B7E-4F66-9184-318F778F690B}.Release|Win32.Build.0 = Release|Win32
		{7856C2FD-96DD-4333-A6CC-3B85E5E6381D}.Debug Main|Win32.ActiveCfg = Debug|Win32
		{7856C2FD-96DD-4333-A6CC-3B85E5E6381D}.Debug Main|Win32.Build.0 = Debug|Win32
		{7856C2FD-96DD-4333-A6CC-3B85E5E6381D}.Debug_Fastest|Win32.ActiveCfg = Debug|Win32
		{7856C2FD-96DD-4333-A6CC-3B85E5E6381D}.Debug_Fastest|Win32.Build.0 = Debug|Win32
		{7856C2FD-96DD-4333-A6CC-3B85E5E6381D}.Debug_Main|Win32.ActiveCfg = Debug|Win32
		{7856C2FD-96DD-4333-A6CC-3B85E5E6381D}.Debug_Main|Win32.Build.0 = Debug|Win32
		{7856C2FD-96DD-4333-A6CC-3B85E5E6381D}.Debug_Remote|Win32.ActiveCfg = Debug|Win32
		{7856C2FD-96DD-4333-A6CC-3B85E5E6381D}.Debug_Remote|Win32.Build.0 = Debug|Win32
		{7856C2FD-96DD-4333-A6CC-3B85E5E6381D}.Debug|Win32.ActiveCfg = Debug|Win32
		{7856C2FD-96DD-4333-A6CC-3B85E5E6381D}.Debug|Win32.Build.0 = Debug|Win32
		{7856C2FD-96DD-4333-A6CC-3B85E5E6381D}.Release_Main|Win32.ActiveCfg = Release|Win32
		{7856C2FD-96DD-4333-A6CC-3B85E5E6381D}.Release_Main|Win32.Build.0 = Release|Win32
		{7856C2FD-96DD-4333-A6CC-3B85E5E6381D}.Release_Test|Win32.ActiveCfg = Release|Win32
		{7856C2FD-96DD-4333-A6CC-3B85E5E6381D}.Release_Test|Win32.Build.0 = Release|Win32
		{7856C2FD-96DD-4333-A6CC-3B85E5E6381D}.Release|Win32.ActiveCfg = Release|Win32
		{7856C2FD-96DD-4333-A6CC-3B85E5E6381D}.Release|Win32.Build.0 = Release|Win32
		{61E68619-1CBE-405F-A887-B726535BEAA5}.Debug Main|Win32.ActiveCfg = Debug|Win32
		{61E68619-1CBE-405F-A887-B726535BEAA5}.Debug Main|Win32.Build.0 = Debug|Win32
		{61E68619-1CBE-405F-A887-B726535BEAA5}.Debug_Fastest|Win32.ActiveCfg = Debug_Fastest|Win32
		{61E68619-1CBE-405F-A887-B726535BEAA5}.Debug_Fastest|Win32.Build.0 = Debug_Fastest|Win32
		{61E68619-1CBE-405F-A887-B726535BEAA5}.Debug_Main|Win32.ActiveCfg = Debug_Fastest|Win32
		{61E68619-1CBE-405F-A887-B726535BEAA5}.Debug_Main|Win32.Build.0 = Debug_Fastest|Win32
		{61E68619-1CBE-405F-A887-B726535BEAA5}.Debug_Remote|Win32.ActiveCfg = Debug_Fastest|Win32
		{61E68619-1CBE-405F-A887-B726535BEAA5}.Debug_Remote|Win32.Build.0 = Debug_Fastest|Win32
		{61E68619-1CBE-405F-A887-B726535BEAA5}.Debug|Win32.ActiveCfg = Debug|Win32
		{61E68619-1CBE-405F-A887-B726535BEAA5}.Debug|Win32.Build.0 = Debug|Win32
		{61E68619-1CBE-405F-A887-B726535BEAA5}.Release_Main|Win32.ActiveCfg = Release|Win32
		{61E68619-1CBE-405F-A887-B726535BEAA5}.Release_Main|Win32.Build.0 = Release|Win32
		{61E68619-1CBE-405F-A887-B726535BEAA5}.Release_Test|Win32.ActiveCfg = Release|Win32
		{61E68619-1CBE-405F-A887-B726535BEAA5}.Release_Test|Win32.Build.0 = Release|Win32
		{61E68619-1CBE-405F-A887-B726535BEAA5}.Release|Win32.ActiveCfg = Release|Win32
		{61E68619-1CBE-405F-A887-B726535BEAA5}.Release|Win32.Build.0 = Release|Win32
		{614C5E74-8711-4C28-BE29-6B9B98423E50}.Debug Main|Win32.ActiveCfg = Debug|Win32
		{614C5E74-8711-4C28-BE29-6B9B98423E50}.Debug Main|Win32.Build.0 = Debug|Win32
		{614C5E74-8711-4C28-BE29-6B9B98423E50}.Debug_Fastest|Win32.ActiveCfg = Debug|Win32
		{614C5E74-8711-4C28-BE29-6B9B98423E50}.Debug_Fastest|Win32.Build.0 = Debug|Win32
		{614C5E74-8711-4C28-BE29-6B9B98423E50}.Debug_Main|Win32.ActiveCfg = Debug|Win32
		{614C5E74-8711-4C28-BE29-6B9B98423E50}.Debug_Main|Win32.Build.0 = Debug|Win32
		{614C5E74-8711-4C28-BE29-6B9B98423E50}.Debug_Remote|Win32.ActiveCfg = Debug|Win32
		{614C5E74-8711-4C28-BE29-6B9B98423E50}.Debug_Remote|Win32.Build.0 = Debug|Win32
		{614C5E74-8711-4C28-BE29-6B9B98423E50}.Debug|Win32.ActiveCfg = Debug|Win32
		{614C5E74-8711-4C28-BE29-6B9B98423E50}.Debug|Win32.Build.0 = Debug|Win32
		{614C5E74-8711-4C28-BE29-6B9B98423E50}.Release_Main|Win32.ActiveCfg = Release|Win32
		{614C5E74-8711-4C28-BE29-6B9B98423E50}.Release_Main|Win32.Build.0 = Release|Win32
		{614C5E74-8711-4C28-BE29-6B9B98423E50}.Release_Test|Win32.ActiveCfg = Release|Win32
		{614C5E74-8711-4C28-BE29-6B9B98423E50}.Release_Test|Win32.Build.0 = Release|Win32
		{614C5E74-8711-4C28-BE29-6B9B98423E50}.Release|Win32.ActiveCfg = Release|Win32
		{614C5E74-8711-4C28-BE29-6B9B98423E50}.Release|Win32.Build.0 = Release|Win32
		{155C319B-18CD-471A-ABEF-CBB5C4AEEDFA}.Debug Main|Win32.ActiveCfg = Debug_Main|Win32
		{155C319B-18CD-471A-ABEF-CBB5C4AEEDFA}.Debug Main|Win32.Build.0 = Debug_Main|Win32
		{155C319B-18CD-471A-ABEF-CBB5C4AEEDFA}.Debug_Fastest|Win32.ActiveCfg = Debug_Main|Win32
		{155C319B-18CD-471A-ABEF-CBB5C4AEEDFA}.Debug_Fastest|Win32.Build.0 = Debug_Main|Win32
		{155C319B-18CD-471A-ABEF-CBB5C4AEEDFA}.Debug_Main|Win32.ActiveCfg = Debug_Main|Win32
		{155C319B-18CD-471A-ABEF-CBB5C4AEEDFA}.Debug_Main|Win32.Build.0 = Debug_Main|Win32
		{155C319B-18CD-471A-ABEF-CBB5C4AEEDFA}.Debug_Remote|Win32.ActiveCfg = Debug_Main|Win32
		{155C319B-18CD-471A-ABEF-CBB5C4AEEDFA}.Debug_Remote|Win32.Build.0 = Debug_Main|Win32
		{155C319B-18CD-471A-ABEF-CBB5C4AEEDFA}.Debug|Win32.ActiveCfg = Debug_Main|Win32
		{155C319B-18CD-471A-ABEF-CBB5C4AEEDFA}.Debug|Win32.Build.0 = Debug_Main|Win32
		{155C319B-18CD-471A-ABEF-CBB5C4AEEDFA}.Release_Main|Win32.ActiveCfg = Release_Main|Win32
		{155C319B-18CD-471A-ABEF-CBB5C4AEEDFA}.Release_Main|Win32.Build.0 = Release_Main|Win32
		{155C319B-18CD-471A-ABEF-CBB5C4AEEDFA}.Release_Test|Win32.ActiveCfg = Release_Main|Win32
		{155C319B-18CD-471A-ABEF-CBB5C4AEEDFA}.Release_Test|Win32.Build.0 = Release_Main|Win32
		{155C319B-18CD-471A-ABEF-CBB5C4AEEDFA}.Release|Win32.ActiveCfg = Release_Main|Win32
		{155C319B-18CD-471A-ABEF-CBB5C4AEEDFA}.Release|Win32.Build.0 = Release_Main|Win32
		{AA4C7A30-9F1A-47CD-AF10-1556EC4CDE54}.Debug Main|Win32.ActiveCfg = Debug|Win32
		{AA4C7A30-9F1A-47CD-AF10-1556EC4CDE54}.Debug Main|Win32.Build.0 = Debug|Win32
		{AA4C7A30-9F1A-47CD-AF10-1556EC4CDE54}.Debug_Fastest|Win32.ActiveCfg = Debug|Win32
		{AA4C7A30-9F1A-47CD-AF10-1556EC4CDE54}.Debug_Fastest|Win32.Build.0 = Debug|Win32
		{AA4C7A30-9F1A-47CD-AF10-1556EC4CDE54}.Debug_Main|Win32.ActiveCfg = Debug|Win32
		{AA4C7A30-9F1A-47CD-AF10-1556EC4CDE54}.Debug_Main|Win32.Build.0 = Debug|Win32
		{AA4C7A30-9F1A-47CD-AF10-1556EC4CDE54}.Debug_Remote|Win32.ActiveCfg = Debug|Win32
		{AA4C7A30-9F1A-47CD-AF10-1556EC4CDE54}.Debug_Remote|Win32.Build.0 = Debug|Win32
		{AA4C7A30-9F1A-47CD-AF10-1556EC4CDE54}.Debug|Win32.ActiveCfg = Debug|Win32
		{AA4C7A30-9F1A-47CD-AF10-1556EC4CDE54}.Debug|Win32.Build.0 = Debug|Win32
		{AA4C7A30-9F1A-47CD-AF10-1556EC4CDE54}.Release_Main|Win32.ActiveCfg = Release|Win32
		{AA4C7A30-9F1A-47CD-AF10-1556EC4CDE54}.Release_Main|Win32.Build.0 = Release|Win32
		{AA4C7A30-9F1A-47CD-AF10-1556EC4CDE54}.Release_Test|Win32.ActiveCfg = Release|Win32
		{AA4C7A30-9F1A-47CD-AF10-1556EC4CDE54}.Release_Test|Win32.Build.0 = Release|Win32
		{AA4C7A30-9F1A-47CD-AF10-1556EC4CDE54}.Release|Win32.ActiveCfg = Release|Win32
		{AA4C7A30-9F1A-47CD-AF10-1556EC4CDE54}.Release|Win32.Build.0 = Release|Win32
		{10858E44-F2E0-41CA-892E-53A8AF89E7D1}.Debug Main|Win32.ActiveCfg = Debug|Win32
		{10858E44-F2E0-41CA-892E-53A8AF89E7D1}.Debug Main|Win32.Build.0 = Debug|Win32
		{10858E44-F2E0-41CA-892E-53A8AF89E7D1}.Debug_Fastest|Win32.ActiveCfg = Debug|Win32
		{10858E44-F2E0-41CA-892E-53A8AF89E7D1}.Debug_Fastest|Win32.Build.0 = Debug|Win32
		{10858E44-F2E0-41CA-892E-53A8AF89E7D1}.Debug_Main|Win32.ActiveCfg = Debug|Win32
		{10858E44-F2E0-41CA-892E-53A8AF89E7D1}.Debug_Main|Win32.Build.0 = Debug|Win32
		{10858E44-F2E0-41CA-892E-53A8AF89E7D1}.Debug_Remote|Win32.ActiveCfg = Debug|Win32
		{10858E44-F2E0-41CA-892E-53A8AF89E7D1}.Debug_Remote|Win32.Build.0 = Debug|Win32
		{10858E44-F2E0-41CA-892E-53A8AF89E7D1}.Debug|Win32.ActiveCfg = Debug|Win32
		{10858E44-F2E0-41CA-892E-53A8AF89E7D1}.Debug|Win32.Build.0 = Debug|Win32
		{10858E44-F2E0-41CA-892E-53A8AF89E7D1}.Release_Main|Win32.ActiveCfg = Release|Win32
		{10858E44-F2E0-41CA-892E-53A8AF89E7D1}.Release_Main|Win32.Build.0 = Release|Win32
		{10858E44-F2E0-41CA-892E-53A8AF89E7D1}.Release_Test|Win32.ActiveCfg = Release|Win32
		{10858E44-F2E0-41CA-892E-53A8AF89E7D1}.Release_Test|Win32.Build.0 = Release|Win32
		{10858E44-F2E0-41CA-892E-53A8AF89E7D1}.Release|Win32.ActiveCfg = Release|Win32
		{10858E44-F2E0-41CA-892E-53A8AF89E7D1}.Release|Win32.Build.0 = Release|Win32
	EndGlobalSection
	GlobalSection(SolutionProperties) = preSolution
		HideSolutionNode = FALSE
	EndGlobalSection
EndGlobal
